
Microsoft Visual Studio Solution File, Format Version 12.00
# Visual Studio 2012
Project("{FAE04EC0-301F-11D3-BF4B-00C04F79EFBC}") = "EventExample1", "EventExample1\EventExample1.csproj", "{C6F1B10F-0CF4-4322-A1D6-925B99C92783}"
EndProject
Global
	GlobalSection(SolutionConfigurationPlatforms) = preSolution
		Debug|Any CPU = Debug|Any CPU
		Release|Any CPU = Release|Any CPU
	EndGlobalSection
	GlobalSection(ProjectConfigurationPlatforms) = postSolution
		{C6F1B10F-0CF4-4322-A1D6-925B99C92783}.Debug|Any CPU.ActiveCfg = Debug|Any CPU
		{C6F1B10F-0CF4-4322-A1D6-925B99C92783}.Debug|Any CPU.Build.0 = Debug|Any CPU
		{C6F1B10F-0CF4-4322-A1D6-925B99C92783}.Release|Any CPU.ActiveCfg = Release|Any CPU
		{C6F1B10F-0CF4-4322-A1D6-925B99C92783}.Release|Any CPU.Build.0 = Release|Any CPU
	EndGlobalSection
	GlobalSection(SolutionProperties) = preSolution
		HideSolutionNode = FALSE
	EndGlobalSection
EndGlobal
